// !$*UTF8*$!
{
	archiveVersion = 1;
	classes = {
	};
	objectVersion = 54;
	objects = {

/* Begin PBXBuildFile section */
		00E356F31AD99517003FC87E /* fuel_consumptionTests.m in Sources */ = {isa = PBXBuildFile; fileRef = 00E356F21AD99517003FC87E /* fuel_consumptionTests.m */; };
		0C80B921A6F3F58F76C31292 /* libPods-fuel_consumption.a in Frameworks */ = {isa = PBXBuildFile; fileRef = 5DCACB8F33CDC322A6C60F78 /* libPods-fuel_consumption.a */; };
		13B07FBC1A68108700A75B9A /* AppDelegate.mm in Sources */ = {isa = PBXBuildFile; fileRef = 13B07FB01A68108700A75B9A /* AppDelegate.mm */; };
		13B07FBF1A68108700A75B9A /* Images.xcassets in Resources */ = {isa = PBXBuildFile; fileRef = 13B07FB51A68108700A75B9A /* Images.xcassets */; };
		13B07FC11A68108700A75B9A /* main.m in Sources */ = {isa = PBXBuildFile; fileRef = 13B07FB71A68108700A75B9A /* main.m */; };
		7699B88040F8A987B510C191 /* libPods-fuel_consumption-fuel_consumptionTests.a in Frameworks */ = {isa = PBXBuildFile; fileRef = 19F6CBCC0A4E27FBF8BF4A61 /* libPods-fuel_consumption-fuel_consumptionTests.a */; };
		81AB9BB82411601600AC10FF /* LaunchScreen.storyboard in Resources */ = {isa = PBXBuildFile; fileRef = 81AB9BB72411601600AC10FF /* LaunchScreen.storyboard */; };
		EA9F30CF59494DABA2B400FD /* RobotoCondensed-Black.ttf in Resources */ = {isa = PBXBuildFile; fileRef = FDC06079B34F433A88D62142 /* RobotoCondensed-Black.ttf */; };
		57A14A7A4E1743F09737383A /* RobotoCondensed-BlackItalic.ttf in Resources */ = {isa = PBXBuildFile; fileRef = EF4C9525D7B74E2F9DD37138 /* RobotoCondensed-BlackItalic.ttf */; };
		288CAEEB777E43C8B6A4EA3A /* RobotoCondensed-Bold.ttf in Resources */ = {isa = PBXBuildFile; fileRef = 6C65BD7FD2E74029A2B08ADE /* RobotoCondensed-Bold.ttf */; };
		3B6DC6B717104B1581486EE2 /* RobotoCondensed-BoldItalic.ttf in Resources */ = {isa = PBXBuildFile; fileRef = B99FD6B1C9D440A4B02555A7 /* RobotoCondensed-BoldItalic.ttf */; };
		457EA89F902947E9ABAEEBB6 /* RobotoCondensed-ExtraBold.ttf in Resources */ = {isa = PBXBuildFile; fileRef = 3D98CCB0184F47049BA1417B /* RobotoCondensed-ExtraBold.ttf */; };
		5796C4B09D62469DB0DB02C3 /* RobotoCondensed-ExtraBoldItalic.ttf in Resources */ = {isa = PBXBuildFile; fileRef = 8E5E7A41933C4ECBB843BDB5 /* RobotoCondensed-ExtraBoldItalic.ttf */; };
		563A6B1280C24A88A0511A72 /* RobotoCondensed-ExtraLight.ttf in Resources */ = {isa = PBXBuildFile; fileRef = B1309F78BECD4FA490F67C3B /* RobotoCondensed-ExtraLight.ttf */; };
		FC7C862C42624A6A8623F5D4 /* RobotoCondensed-ExtraLightItalic.ttf in Resources */ = {isa = PBXBuildFile; fileRef = 780C1E3BEE8A42AA909E7DD1 /* RobotoCondensed-ExtraLightItalic.ttf */; };
		4F50C3749BE94799B92F6F9C /* RobotoCondensed-Italic.ttf in Resources */ = {isa = PBXBuildFile; fileRef = 3B801C899CE547D38E29E2A4 /* RobotoCondensed-Italic.ttf */; };
		55EE4ACFF236481EBB5A7B91 /* RobotoCondensed-Light.ttf in Resources */ = {isa = PBXBuildFile; fileRef = 85EB0EBC7FFF45E5A1EC60E0 /* RobotoCondensed-Light.ttf */; };
		E1C3737D3C6E44EA9CDEAB8F /* RobotoCondensed-LightItalic.ttf in Resources */ = {isa = PBXBuildFile; fileRef = A3AAB0D04E3643E79981C072 /* RobotoCondensed-LightItalic.ttf */; };
		04E02375B8D642999197122D /* RobotoCondensed-Medium.ttf in Resources */ = {isa = PBXBuildFile; fileRef = 5D8394C31837427E873ECD19 /* RobotoCondensed-Medium.ttf */; };
		ADDA3D51CC6C4924944E9C74 /* RobotoCondensed-MediumItalic.ttf in Resources */ = {isa = PBXBuildFile; fileRef = 4195B165EB204A48BBFA9C7C /* RobotoCondensed-MediumItalic.ttf */; };
		68D7C5BB30BE4F829FCC584F /* RobotoCondensed-Regular.ttf in Resources */ = {isa = PBXBuildFile; fileRef = EDD86EECC19747C7BB9FA0CD /* RobotoCondensed-Regular.ttf */; };
		CD1C53DEA04A4058AC907172 /* RobotoCondensed-SemiBold.ttf in Resources */ = {isa = PBXBuildFile; fileRef = CE1C3FA5CC414836B186DE3A /* RobotoCondensed-SemiBold.ttf */; };
		D792E98E5177400681B4D1C7 /* RobotoCondensed-SemiBoldItalic.ttf in Resources */ = {isa = PBXBuildFile; fileRef = 90D271D48A8E4E539788431F /* RobotoCondensed-SemiBoldItalic.ttf */; };
		71A5C8528DCB4EE79DC7D5BE /* RobotoCondensed-Thin.ttf in Resources */ = {isa = PBXBuildFile; fileRef = 0781FB2207EE42DEAF2DF4F8 /* RobotoCondensed-Thin.ttf */; };
		9D071E2CB27F409A94603E66 /* RobotoCondensed-ThinItalic.ttf in Resources */ = {isa = PBXBuildFile; fileRef = EE239C841AFC4EFEA34F3882 /* RobotoCondensed-ThinItalic.ttf */; };
		DAAAC0E0175A4BB097066A69 /* NotoSerif-Black.ttf in Resources */ = {isa = PBXBuildFile; fileRef = 61D2E46F69AC4621984C190F /* NotoSerif-Black.ttf */; };
		B12A105E2A5046448DD9E29D /* NotoSerif-Bold.ttf in Resources */ = {isa = PBXBuildFile; fileRef = AB20EB10EE3F4C97B0887AC7 /* NotoSerif-Bold.ttf */; };
		249E51B5E13A46909082E45E /* NotoSerif-ExtraBold.ttf in Resources */ = {isa = PBXBuildFile; fileRef = 4EFA41B04F7C42D0AED2ABD8 /* NotoSerif-ExtraBold.ttf */; };
		CC6263A25F044505ADF60FDF /* NotoSerif-ExtraLight.ttf in Resources */ = {isa = PBXBuildFile; fileRef = A16A6456A4954CFFB11A097A /* NotoSerif-ExtraLight.ttf */; };
		1FD4D84ED20948BF9DB94C9B /* NotoSerif-Light.ttf in Resources */ = {isa = PBXBuildFile; fileRef = A78A04D4CBAE44B3B826872E /* NotoSerif-Light.ttf */; };
		38A0301B92B74D8B91233E9E /* NotoSerif-Medium.ttf in Resources */ = {isa = PBXBuildFile; fileRef = 3DE7FD7EACB64AA5B34341E2 /* NotoSerif-Medium.ttf */; };
		A24DDB530AAB40C4BE050A43 /* NotoSerif-Regular.ttf in Resources */ = {isa = PBXBuildFile; fileRef = 82D7BA64642C4D01867C48C6 /* NotoSerif-Regular.ttf */; };
		359F0D8868E54D998E307FFD /* NotoSerif-SemiBold.ttf in Resources */ = {isa = PBXBuildFile; fileRef = 0622F16BF79640BE8D27D648 /* NotoSerif-SemiBold.ttf */; };
		CD56AF0352374B218F763D91 /* NotoSerif-Thin.ttf in Resources */ = {isa = PBXBuildFile; fileRef = A494529F111F4FEF85C40FA4 /* NotoSerif-Thin.ttf */; };
/* End PBXBuildFile section */

/* Begin PBXContainerItemProxy section */
		00E356F41AD99517003FC87E /* PBXContainerItemProxy */ = {
			isa = PBXContainerItemProxy;
			containerPortal = 83CBB9F71A601CBA00E9B192 /* Project object */;
			proxyType = 1;
			remoteGlobalIDString = 13B07F861A680F5B00A75B9A;
			remoteInfo = fuel_consumption;
		};
/* End PBXContainerItemProxy section */

/* Begin PBXFileReference section */
		00E356EE1AD99517003FC87E /* fuel_consumptionTests.xctest */ = {isa = PBXFileReference; explicitFileType = wrapper.cfbundle; includeInIndex = 0; path = fuel_consumptionTests.xctest; sourceTree = BUILT_PRODUCTS_DIR; };
		00E356F11AD99517003FC87E /* Info.plist */ = {isa = PBXFileReference; lastKnownFileType = text.plist.xml; path = Info.plist; sourceTree = "<group>"; };
		00E356F21AD99517003FC87E /* fuel_consumptionTests.m */ = {isa = PBXFileReference; lastKnownFileType = sourcecode.c.objc; path = fuel_consumptionTests.m; sourceTree = "<group>"; };
		13B07F961A680F5B00A75B9A /* fuel_consumption.app */ = {isa = PBXFileReference; explicitFileType = wrapper.application; includeInIndex = 0; path = fuel_consumption.app; sourceTree = BUILT_PRODUCTS_DIR; };
		13B07FAF1A68108700A75B9A /* AppDelegate.h */ = {isa = PBXFileReference; fileEncoding = 4; lastKnownFileType = sourcecode.c.h; name = AppDelegate.h; path = fuel_consumption/AppDelegate.h; sourceTree = "<group>"; };
		13B07FB01A68108700A75B9A /* AppDelegate.mm */ = {isa = PBXFileReference; fileEncoding = 4; lastKnownFileType = sourcecode.cpp.objcpp; name = AppDelegate.mm; path = fuel_consumption/AppDelegate.mm; sourceTree = "<group>"; };
		13B07FB51A68108700A75B9A /* Images.xcassets */ = {isa = PBXFileReference; lastKnownFileType = folder.assetcatalog; name = Images.xcassets; path = fuel_consumption/Images.xcassets; sourceTree = "<group>"; };
		13B07FB61A68108700A75B9A /* Info.plist */ = {isa = PBXFileReference; fileEncoding = 4; lastKnownFileType = text.plist.xml; name = Info.plist; path = fuel_consumption/Info.plist; sourceTree = "<group>"; };
		13B07FB71A68108700A75B9A /* main.m */ = {isa = PBXFileReference; fileEncoding = 4; lastKnownFileType = sourcecode.c.objc; name = main.m; path = fuel_consumption/main.m; sourceTree = "<group>"; };
		13B07FB81A68108700A75B9A /* PrivacyInfo.xcprivacy */ = {isa = PBXFileReference; fileEncoding = 4; lastKnownFileType = text.plist.xml; name = PrivacyInfo.xcprivacy; path = fuel_consumption/PrivacyInfo.xcprivacy; sourceTree = "<group>"; };
		19F6CBCC0A4E27FBF8BF4A61 /* libPods-fuel_consumption-fuel_consumptionTests.a */ = {isa = PBXFileReference; explicitFileType = archive.ar; includeInIndex = 0; path = "libPods-fuel_consumption-fuel_consumptionTests.a"; sourceTree = BUILT_PRODUCTS_DIR; };
		3B4392A12AC88292D35C810B /* Pods-fuel_consumption.debug.xcconfig */ = {isa = PBXFileReference; includeInIndex = 1; lastKnownFileType = text.xcconfig; name = "Pods-fuel_consumption.debug.xcconfig"; path = "Target Support Files/Pods-fuel_consumption/Pods-fuel_consumption.debug.xcconfig"; sourceTree = "<group>"; };
		5709B34CF0A7D63546082F79 /* Pods-fuel_consumption.release.xcconfig */ = {isa = PBXFileReference; includeInIndex = 1; lastKnownFileType = text.xcconfig; name = "Pods-fuel_consumption.release.xcconfig"; path = "Target Support Files/Pods-fuel_consumption/Pods-fuel_consumption.release.xcconfig"; sourceTree = "<group>"; };
		5B7EB9410499542E8C5724F5 /* Pods-fuel_consumption-fuel_consumptionTests.debug.xcconfig */ = {isa = PBXFileReference; includeInIndex = 1; lastKnownFileType = text.xcconfig; name = "Pods-fuel_consumption-fuel_consumptionTests.debug.xcconfig"; path = "Target Support Files/Pods-fuel_consumption-fuel_consumptionTests/Pods-fuel_consumption-fuel_consumptionTests.debug.xcconfig"; sourceTree = "<group>"; };
		5DCACB8F33CDC322A6C60F78 /* libPods-fuel_consumption.a */ = {isa = PBXFileReference; explicitFileType = archive.ar; includeInIndex = 0; path = "libPods-fuel_consumption.a"; sourceTree = BUILT_PRODUCTS_DIR; };
		81AB9BB72411601600AC10FF /* LaunchScreen.storyboard */ = {isa = PBXFileReference; fileEncoding = 4; lastKnownFileType = file.storyboard; name = LaunchScreen.storyboard; path = fuel_consumption/LaunchScreen.storyboard; sourceTree = "<group>"; };
		89C6BE57DB24E9ADA2F236DE /* Pods-fuel_consumption-fuel_consumptionTests.release.xcconfig */ = {isa = PBXFileReference; includeInIndex = 1; lastKnownFileType = text.xcconfig; name = "Pods-fuel_consumption-fuel_consumptionTests.release.xcconfig"; path = "Target Support Files/Pods-fuel_consumption-fuel_consumptionTests/Pods-fuel_consumption-fuel_consumptionTests.release.xcconfig"; sourceTree = "<group>"; };
		ED297162215061F000B7C4FE /* JavaScriptCore.framework */ = {isa = PBXFileReference; lastKnownFileType = wrapper.framework; name = JavaScriptCore.framework; path = System/Library/Frameworks/JavaScriptCore.framework; sourceTree = SDKROOT; };
		FDC06079B34F433A88D62142 /* RobotoCondensed-Black.ttf */ = {isa = PBXFileReference; name = "RobotoCondensed-Black.ttf"; path = "../assets/fonts/RobotoCondensed-Black.ttf"; sourceTree = "<group>"; fileEncoding = undefined; lastKnownFileType = unknown; explicitFileType = undefined; includeInIndex = 0; };
		EF4C9525D7B74E2F9DD37138 /* RobotoCondensed-BlackItalic.ttf */ = {isa = PBXFileReference; name = "RobotoCondensed-BlackItalic.ttf"; path = "../assets/fonts/RobotoCondensed-BlackItalic.ttf"; sourceTree = "<group>"; fileEncoding = undefined; lastKnownFileType = unknown; explicitFileType = undefined; includeInIndex = 0; };
		6C65BD7FD2E74029A2B08ADE /* RobotoCondensed-Bold.ttf */ = {isa = PBXFileReference; name = "RobotoCondensed-Bold.ttf"; path = "../assets/fonts/RobotoCondensed-Bold.ttf"; sourceTree = "<group>"; fileEncoding = undefined; lastKnownFileType = unknown; explicitFileType = undefined; includeInIndex = 0; };
		B99FD6B1C9D440A4B02555A7 /* RobotoCondensed-BoldItalic.ttf */ = {isa = PBXFileReference; name = "RobotoCondensed-BoldItalic.ttf"; path = "../assets/fonts/RobotoCondensed-BoldItalic.ttf"; sourceTree = "<group>"; fileEncoding = undefined; lastKnownFileType = unknown; explicitFileType = undefined; includeInIndex = 0; };
		3D98CCB0184F47049BA1417B /* RobotoCondensed-ExtraBold.ttf */ = {isa = PBXFileReference; name = "RobotoCondensed-ExtraBold.ttf"; path = "../assets/fonts/RobotoCondensed-ExtraBold.ttf"; sourceTree = "<group>"; fileEncoding = undefined; lastKnownFileType = unknown; explicitFileType = undefined; includeInIndex = 0; };
		8E5E7A41933C4ECBB843BDB5 /* RobotoCondensed-ExtraBoldItalic.ttf */ = {isa = PBXFileReference; name = "RobotoCondensed-ExtraBoldItalic.ttf"; path = "../assets/fonts/RobotoCondensed-ExtraBoldItalic.ttf"; sourceTree = "<group>"; fileEncoding = undefined; lastKnownFileType = unknown; explicitFileType = undefined; includeInIndex = 0; };
		B1309F78BECD4FA490F67C3B /* RobotoCondensed-ExtraLight.ttf */ = {isa = PBXFileReference; name = "RobotoCondensed-ExtraLight.ttf"; path = "../assets/fonts/RobotoCondensed-ExtraLight.ttf"; sourceTree = "<group>"; fileEncoding = undefined; lastKnownFileType = unknown; explicitFileType = undefined; includeInIndex = 0; };
		780C1E3BEE8A42AA909E7DD1 /* RobotoCondensed-ExtraLightItalic.ttf */ = {isa = PBXFileReference; name = "RobotoCondensed-ExtraLightItalic.ttf"; path = "../assets/fonts/RobotoCondensed-ExtraLightItalic.ttf"; sourceTree = "<group>"; fileEncoding = undefined; lastKnownFileType = unknown; explicitFileType = undefined; includeInIndex = 0; };
		3B801C899CE547D38E29E2A4 /* RobotoCondensed-Italic.ttf */ = {isa = PBXFileReference; name = "RobotoCondensed-Italic.ttf"; path = "../assets/fonts/RobotoCondensed-Italic.ttf"; sourceTree = "<group>"; fileEncoding = undefined; lastKnownFileType = unknown; explicitFileType = undefined; includeInIndex = 0; };
		85EB0EBC7FFF45E5A1EC60E0 /* RobotoCondensed-Light.ttf */ = {isa = PBXFileReference; name = "RobotoCondensed-Light.ttf"; path = "../assets/fonts/RobotoCondensed-Light.ttf"; sourceTree = "<group>"; fileEncoding = undefined; lastKnownFileType = unknown; explicitFileType = undefined; includeInIndex = 0; };
		A3AAB0D04E3643E79981C072 /* RobotoCondensed-LightItalic.ttf */ = {isa = PBXFileReference; name = "RobotoCondensed-LightItalic.ttf"; path = "../assets/fonts/RobotoCondensed-LightItalic.ttf"; sourceTree = "<group>"; fileEncoding = undefined; lastKnownFileType = unknown; explicitFileType = undefined; includeInIndex = 0; };
		5D8394C31837427E873ECD19 /* RobotoCondensed-Medium.ttf */ = {isa = PBXFileReference; name = "RobotoCondensed-Medium.ttf"; path = "../assets/fonts/RobotoCondensed-Medium.ttf"; sourceTree = "<group>"; fileEncoding = undefined; lastKnownFileType = unknown; explicitFileType = undefined; includeInIndex = 0; };
		4195B165EB204A48BBFA9C7C /* RobotoCondensed-MediumItalic.ttf */ = {isa = PBXFileReference; name = "RobotoCondensed-MediumItalic.ttf"; path = "../assets/fonts/RobotoCondensed-MediumItalic.ttf"; sourceTree = "<group>"; fileEncoding = undefined; lastKnownFileType = unknown; explicitFileType = undefined; includeInIndex = 0; };
		EDD86EECC19747C7BB9FA0CD /* RobotoCondensed-Regular.ttf */ = {isa = PBXFileReference; name = "RobotoCondensed-Regular.ttf"; path = "../assets/fonts/RobotoCondensed-Regular.ttf"; sourceTree = "<group>"; fileEncoding = undefined; lastKnownFileType = unknown; explicitFileType = undefined; includeInIndex = 0; };
		CE1C3FA5CC414836B186DE3A /* RobotoCondensed-SemiBold.ttf */ = {isa = PBXFileReference; name = "RobotoCondensed-SemiBold.ttf"; path = "../assets/fonts/RobotoCondensed-SemiBold.ttf"; sourceTree = "<group>"; fileEncoding = undefined; lastKnownFileType = unknown; explicitFileType = undefined; includeInIndex = 0; };
		90D271D48A8E4E539788431F /* RobotoCondensed-SemiBoldItalic.ttf */ = {isa = PBXFileReference; name = "RobotoCondensed-SemiBoldItalic.ttf"; path = "../assets/fonts/RobotoCondensed-SemiBoldItalic.ttf"; sourceTree = "<group>"; fileEncoding = undefined; lastKnownFileType = unknown; explicitFileType = undefined; includeInIndex = 0; };
		0781FB2207EE42DEAF2DF4F8 /* RobotoCondensed-Thin.ttf */ = {isa = PBXFileReference; name = "RobotoCondensed-Thin.ttf"; path = "../assets/fonts/RobotoCondensed-Thin.ttf"; sourceTree = "<group>"; fileEncoding = undefined; lastKnownFileType = unknown; explicitFileType = undefined; includeInIndex = 0; };
		EE239C841AFC4EFEA34F3882 /* RobotoCondensed-ThinItalic.ttf */ = {isa = PBXFileReference; name = "RobotoCondensed-ThinItalic.ttf"; path = "../assets/fonts/RobotoCondensed-ThinItalic.ttf"; sourceTree = "<group>"; fileEncoding = undefined; lastKnownFileType = unknown; explicitFileType = undefined; includeInIndex = 0; };
		61D2E46F69AC4621984C190F /* NotoSerif-Black.ttf */ = {isa = PBXFileReference; name = "NotoSerif-Black.ttf"; path = "../assets/fonts/NotoSerif-Black.ttf"; sourceTree = "<group>"; fileEncoding = undefined; lastKnownFileType = unknown; explicitFileType = undefined; includeInIndex = 0; };
		AB20EB10EE3F4C97B0887AC7 /* NotoSerif-Bold.ttf */ = {isa = PBXFileReference; name = "NotoSerif-Bold.ttf"; path = "../assets/fonts/NotoSerif-Bold.ttf"; sourceTree = "<group>"; fileEncoding = undefined; lastKnownFileType = unknown; explicitFileType = undefined; includeInIndex = 0; };
		4EFA41B04F7C42D0AED2ABD8 /* NotoSerif-ExtraBold.ttf */ = {isa = PBXFileReference; name = "NotoSerif-ExtraBold.ttf"; path = "../assets/fonts/NotoSerif-ExtraBold.ttf"; sourceTree = "<group>"; fileEncoding = undefined; lastKnownFileType = unknown; explicitFileType = undefined; includeInIndex = 0; };
		A16A6456A4954CFFB11A097A /* NotoSerif-ExtraLight.ttf */ = {isa = PBXFileReference; name = "NotoSerif-ExtraLight.ttf"; path = "../assets/fonts/NotoSerif-ExtraLight.ttf"; sourceTree = "<group>"; fileEncoding = undefined; lastKnownFileType = unknown; explicitFileType = undefined; includeInIndex = 0; };
		A78A04D4CBAE44B3B826872E /* NotoSerif-Light.ttf */ = {isa = PBXFileReference; name = "NotoSerif-Light.ttf"; path = "../assets/fonts/NotoSerif-Light.ttf"; sourceTree = "<group>"; fileEncoding = undefined; lastKnownFileType = unknown; explicitFileType = undefined; includeInIndex = 0; };
		3DE7FD7EACB64AA5B34341E2 /* NotoSerif-Medium.ttf */ = {isa = PBXFileReference; name = "NotoSerif-Medium.ttf"; path = "../assets/fonts/NotoSerif-Medium.ttf"; sourceTree = "<group>"; fileEncoding = undefined; lastKnownFileType = unknown; explicitFileType = undefined; includeInIndex = 0; };
		82D7BA64642C4D01867C48C6 /* NotoSerif-Regular.ttf */ = {isa = PBXFileReference; name = "NotoSerif-Regular.ttf"; path = "../assets/fonts/NotoSerif-Regular.ttf"; sourceTree = "<group>"; fileEncoding = undefined; lastKnownFileType = unknown; explicitFileType = undefined; includeInIndex = 0; };
		0622F16BF79640BE8D27D648 /* NotoSerif-SemiBold.ttf */ = {isa = PBXFileReference; name = "NotoSerif-SemiBold.ttf"; path = "../assets/fonts/NotoSerif-SemiBold.ttf"; sourceTree = "<group>"; fileEncoding = undefined; lastKnownFileType = unknown; explicitFileType = undefined; includeInIndex = 0; };
		A494529F111F4FEF85C40FA4 /* NotoSerif-Thin.ttf */ = {isa = PBXFileReference; name = "NotoSerif-Thin.ttf"; path = "../assets/fonts/NotoSerif-Thin.ttf"; sourceTree = "<group>"; fileEncoding = undefined; lastKnownFileType = unknown; explicitFileType = undefined; includeInIndex = 0; };
/* End PBXFileReference section */

/* Begin PBXFrameworksBuildPhase section */
		00E356EB1AD99517003FC87E /* Frameworks */ = {
			isa = PBXFrameworksBuildPhase;
			buildActionMask = 2147483647;
			files = (
				7699B88040F8A987B510C191 /* libPods-fuel_consumption-fuel_consumptionTests.a in Frameworks */,
			);
			runOnlyForDeploymentPostprocessing = 0;
		};
		13B07F8C1A680F5B00A75B9A /* Frameworks */ = {
			isa = PBXFrameworksBuildPhase;
			buildActionMask = 2147483647;
			files = (
				0C80B921A6F3F58F76C31292 /* libPods-fuel_consumption.a in Frameworks */,
			);
			runOnlyForDeploymentPostprocessing = 0;
		};
/* End PBXFrameworksBuildPhase section */

/* Begin PBXGroup section */
		00E356EF1AD99517003FC87E /* fuel_consumptionTests */ = {
			isa = PBXGroup;
			children = (
				00E356F21AD99517003FC87E /* fuel_consumptionTests.m */,
				00E356F01AD99517003FC87E /* Supporting Files */,
			);
			path = fuel_consumptionTests;
			sourceTree = "<group>";
		};
		00E356F01AD99517003FC87E /* Supporting Files */ = {
			isa = PBXGroup;
			children = (
				00E356F11AD99517003FC87E /* Info.plist */,
			);
			name = "Supporting Files";
			sourceTree = "<group>";
		};
		13B07FAE1A68108700A75B9A /* fuel_consumption */ = {
			isa = PBXGroup;
			children = (
				13B07FAF1A68108700A75B9A /* AppDelegate.h */,
				13B07FB01A68108700A75B9A /* AppDelegate.mm */,
				13B07FB51A68108700A75B9A /* Images.xcassets */,
				13B07FB61A68108700A75B9A /* Info.plist */,
				81AB9BB72411601600AC10FF /* LaunchScreen.storyboard */,
				13B07FB71A68108700A75B9A /* main.m */,
				13B07FB81A68108700A75B9A /* PrivacyInfo.xcprivacy */,
			);
			name = fuel_consumption;
			sourceTree = "<group>";
		};
		2D16E6871FA4F8E400B85C8A /* Frameworks */ = {
			isa = PBXGroup;
			children = (
				ED297162215061F000B7C4FE /* JavaScriptCore.framework */,
				5DCACB8F33CDC322A6C60F78 /* libPods-fuel_consumption.a */,
				19F6CBCC0A4E27FBF8BF4A61 /* libPods-fuel_consumption-fuel_consumptionTests.a */,
			);
			name = Frameworks;
			sourceTree = "<group>";
		};
		832341AE1AAA6A7D00B99B32 /* Libraries */ = {
			isa = PBXGroup;
			children = (
			);
			name = Libraries;
			sourceTree = "<group>";
		};
		83CBB9F61A601CBA00E9B192 = {
			isa = PBXGroup;
			children = (
				13B07FAE1A68108700A75B9A /* fuel_consumption */,
				832341AE1AAA6A7D00B99B32 /* Libraries */,
				00E356EF1AD99517003FC87E /* fuel_consumptionTests */,
				83CBBA001A601CBA00E9B192 /* Products */,
				2D16E6871FA4F8E400B85C8A /* Frameworks */,
				BBD78D7AC51CEA395F1C20DB /* Pods */,
				3873D1814DC04376A5BB85A1 /* Resources */,
			);
			indentWidth = 2;
			sourceTree = "<group>";
			tabWidth = 2;
			usesTabs = 0;
		};
		83CBBA001A601CBA00E9B192 /* Products */ = {
			isa = PBXGroup;
			children = (
				13B07F961A680F5B00A75B9A /* fuel_consumption.app */,
				00E356EE1AD99517003FC87E /* fuel_consumptionTests.xctest */,
			);
			name = Products;
			sourceTree = "<group>";
		};
		BBD78D7AC51CEA395F1C20DB /* Pods */ = {
			isa = PBXGroup;
			children = (
				3B4392A12AC88292D35C810B /* Pods-fuel_consumption.debug.xcconfig */,
				5709B34CF0A7D63546082F79 /* Pods-fuel_consumption.release.xcconfig */,
				5B7EB9410499542E8C5724F5 /* Pods-fuel_consumption-fuel_consumptionTests.debug.xcconfig */,
				89C6BE57DB24E9ADA2F236DE /* Pods-fuel_consumption-fuel_consumptionTests.release.xcconfig */,
			);
			path = Pods;
			sourceTree = "<group>";
		};
		3873D1814DC04376A5BB85A1 /* Resources */ = {
			isa = "PBXGroup";
			children = (
				FDC06079B34F433A88D62142 /* RobotoCondensed-Black.ttf */,
				EF4C9525D7B74E2F9DD37138 /* RobotoCondensed-BlackItalic.ttf */,
				6C65BD7FD2E74029A2B08ADE /* RobotoCondensed-Bold.ttf */,
				B99FD6B1C9D440A4B02555A7 /* RobotoCondensed-BoldItalic.ttf */,
				3D98CCB0184F47049BA1417B /* RobotoCondensed-ExtraBold.ttf */,
				8E5E7A41933C4ECBB843BDB5 /* RobotoCondensed-ExtraBoldItalic.ttf */,
				B1309F78BECD4FA490F67C3B /* RobotoCondensed-ExtraLight.ttf */,
				780C1E3BEE8A42AA909E7DD1 /* RobotoCondensed-ExtraLightItalic.ttf */,
				3B801C899CE547D38E29E2A4 /* RobotoCondensed-Italic.ttf */,
				85EB0EBC7FFF45E5A1EC60E0 /* RobotoCondensed-Light.ttf */,
				A3AAB0D04E3643E79981C072 /* RobotoCondensed-LightItalic.ttf */,
				5D8394C31837427E873ECD19 /* RobotoCondensed-Medium.ttf */,
				4195B165EB204A48BBFA9C7C /* RobotoCondensed-MediumItalic.ttf */,
				EDD86EECC19747C7BB9FA0CD /* RobotoCondensed-Regular.ttf */,
				CE1C3FA5CC414836B186DE3A /* RobotoCondensed-SemiBold.ttf */,
				90D271D48A8E4E539788431F /* RobotoCondensed-SemiBoldItalic.ttf */,
				0781FB2207EE42DEAF2DF4F8 /* RobotoCondensed-Thin.ttf */,
				EE239C841AFC4EFEA34F3882 /* RobotoCondensed-ThinItalic.ttf */,
				61D2E46F69AC4621984C190F /* NotoSerif-Black.ttf */,
				AB20EB10EE3F4C97B0887AC7 /* NotoSerif-Bold.ttf */,
				4EFA41B04F7C42D0AED2ABD8 /* NotoSerif-ExtraBold.ttf */,
				A16A6456A4954CFFB11A097A /* NotoSerif-ExtraLight.ttf */,
				A78A04D4CBAE44B3B826872E /* NotoSerif-Light.ttf */,
				3DE7FD7EACB64AA5B34341E2 /* NotoSerif-Medium.ttf */,
				82D7BA64642C4D01867C48C6 /* NotoSerif-Regular.ttf */,
				0622F16BF79640BE8D27D648 /* NotoSerif-SemiBold.ttf */,
				A494529F111F4FEF85C40FA4 /* NotoSerif-Thin.ttf */,
			);
			name = Resources;
			sourceTree = "<group>";
			path = "";
		};
/* End PBXGroup section */

/* Begin PBXNativeTarget section */
		00E356ED1AD99517003FC87E /* fuel_consumptionTests */ = {
			isa = PBXNativeTarget;
			buildConfigurationList = 00E357021AD99517003FC87E /* Build configuration list for PBXNativeTarget "fuel_consumptionTests" */;
			buildPhases = (
				A55EABD7B0C7F3A422A6CC61 /* [CP] Check Pods Manifest.lock */,
				00E356EA1AD99517003FC87E /* Sources */,
				00E356EB1AD99517003FC87E /* Frameworks */,
				00E356EC1AD99517003FC87E /* Resources */,
				C59DA0FBD6956966B86A3779 /* [CP] Embed Pods Frameworks */,
				F6A41C54EA430FDDC6A6ED99 /* [CP] Copy Pods Resources */,
			);
			buildRules = (
			);
			dependencies = (
				00E356F51AD99517003FC87E /* PBXTargetDependency */,
			);
			name = fuel_consumptionTests;
			productName = fuel_consumptionTests;
			productReference = 00E356EE1AD99517003FC87E /* fuel_consumptionTests.xctest */;
			productType = "com.apple.product-type.bundle.unit-test";
		};
		13B07F861A680F5B00A75B9A /* fuel_consumption */ = {
			isa = PBXNativeTarget;
			buildConfigurationList = 13B07F931A680F5B00A75B9A /* Build configuration list for PBXNativeTarget "fuel_consumption" */;
			buildPhases = (
				C38B50BA6285516D6DCD4F65 /* [CP] Check Pods Manifest.lock */,
				13B07F871A680F5B00A75B9A /* Sources */,
				13B07F8C1A680F5B00A75B9A /* Frameworks */,
				13B07F8E1A680F5B00A75B9A /* Resources */,
				00DD1BFF1BD5951E006B06BC /* Bundle React Native code and images */,
				00EEFC60759A1932668264C0 /* [CP] Embed Pods Frameworks */,
				E235C05ADACE081382539298 /* [CP] Copy Pods Resources */,
			);
			buildRules = (
			);
			dependencies = (
			);
			name = fuel_consumption;
			productName = fuel_consumption;
			productReference = 13B07F961A680F5B00A75B9A /* fuel_consumption.app */;
			productType = "com.apple.product-type.application";
		};
/* End PBXNativeTarget section */

/* Begin PBXProject section */
		83CBB9F71A601CBA00E9B192 /* Project object */ = {
			isa = PBXProject;
			attributes = {
				LastUpgradeCheck = 1210;
				TargetAttributes = {
					00E356ED1AD99517003FC87E = {
						CreatedOnToolsVersion = 6.2;
						TestTargetID = 13B07F861A680F5B00A75B9A;
					};
					13B07F861A680F5B00A75B9A = {
						LastSwiftMigration = 1120;
					};
				};
			};
			buildConfigurationList = 83CBB9FA1A601CBA00E9B192 /* Build configuration list for PBXProject "fuel_consumption" */;
			compatibilityVersion = "Xcode 12.0";
			developmentRegion = en;
			hasScannedForEncodings = 0;
			knownRegions = (
				en,
				Base,
			);
			mainGroup = 83CBB9F61A601CBA00E9B192;
			productRefGroup = 83CBBA001A601CBA00E9B192 /* Products */;
			projectDirPath = "";
			projectRoot = "";
			targets = (
				13B07F861A680F5B00A75B9A /* fuel_consumption */,
				00E356ED1AD99517003FC87E /* fuel_consumptionTests */,
			);
		};
/* End PBXProject section */

/* Begin PBXResourcesBuildPhase section */
		00E356EC1AD99517003FC87E /* Resources */ = {
			isa = PBXResourcesBuildPhase;
			buildActionMask = 2147483647;
			files = (
			);
			runOnlyForDeploymentPostprocessing = 0;
		};
		13B07F8E1A680F5B00A75B9A /* Resources */ = {
			isa = PBXResourcesBuildPhase;
			buildActionMask = 2147483647;
			files = (
				81AB9BB82411601600AC10FF /* LaunchScreen.storyboard in Resources */,
				13B07FBF1A68108700A75B9A /* Images.xcassets in Resources */,
				EA9F30CF59494DABA2B400FD /* RobotoCondensed-Black.ttf in Resources */,
				57A14A7A4E1743F09737383A /* RobotoCondensed-BlackItalic.ttf in Resources */,
				288CAEEB777E43C8B6A4EA3A /* RobotoCondensed-Bold.ttf in Resources */,
				3B6DC6B717104B1581486EE2 /* RobotoCondensed-BoldItalic.ttf in Resources */,
				457EA89F902947E9ABAEEBB6 /* RobotoCondensed-ExtraBold.ttf in Resources */,
				5796C4B09D62469DB0DB02C3 /* RobotoCondensed-ExtraBoldItalic.ttf in Resources */,
				563A6B1280C24A88A0511A72 /* RobotoCondensed-ExtraLight.ttf in Resources */,
				FC7C862C42624A6A8623F5D4 /* RobotoCondensed-ExtraLightItalic.ttf in Resources */,
				4F50C3749BE94799B92F6F9C /* RobotoCondensed-Italic.ttf in Resources */,
				55EE4ACFF236481EBB5A7B91 /* RobotoCondensed-Light.ttf in Resources */,
				E1C3737D3C6E44EA9CDEAB8F /* RobotoCondensed-LightItalic.ttf in Resources */,
				04E02375B8D642999197122D /* RobotoCondensed-Medium.ttf in Resources */,
				ADDA3D51CC6C4924944E9C74 /* RobotoCondensed-MediumItalic.ttf in Resources */,
				68D7C5BB30BE4F829FCC584F /* RobotoCondensed-Regular.ttf in Resources */,
				CD1C53DEA04A4058AC907172 /* RobotoCondensed-SemiBold.ttf in Resources */,
				D792E98E5177400681B4D1C7 /* RobotoCondensed-SemiBoldItalic.ttf in Resources */,
				71A5C8528DCB4EE79DC7D5BE /* RobotoCondensed-Thin.ttf in Resources */,
				9D071E2CB27F409A94603E66 /* RobotoCondensed-ThinItalic.ttf in Resources */,
				DAAAC0E0175A4BB097066A69 /* NotoSerif-Black.ttf in Resources */,
				B12A105E2A5046448DD9E29D /* NotoSerif-Bold.ttf in Resources */,
				249E51B5E13A46909082E45E /* NotoSerif-ExtraBold.ttf in Resources */,
				CC6263A25F044505ADF60FDF /* NotoSerif-ExtraLight.ttf in Resources */,
				1FD4D84ED20948BF9DB94C9B /* NotoSerif-Light.ttf in Resources */,
				38A0301B92B74D8B91233E9E /* NotoSerif-Medium.ttf in Resources */,
				A24DDB530AAB40C4BE050A43 /* NotoSerif-Regular.ttf in Resources */,
				359F0D8868E54D998E307FFD /* NotoSerif-SemiBold.ttf in Resources */,
				CD56AF0352374B218F763D91 /* NotoSerif-Thin.ttf in Resources */,
			);
			runOnlyForDeploymentPostprocessing = 0;
		};
/* End PBXResourcesBuildPhase section */

/* Begin PBXShellScriptBuildPhase section */
		00DD1BFF1BD5951E006B06BC /* Bundle React Native code and images */ = {
			isa = PBXShellScriptBuildPhase;
			buildActionMask = 2147483647;
			files = (
			);
			inputPaths = (
				"$(SRCROOT)/.xcode.env.local",
				"$(SRCROOT)/.xcode.env",
			);
			name = "Bundle React Native code and images";
			outputPaths = (
			);
			runOnlyForDeploymentPostprocessing = 0;
			shellPath = /bin/sh;
			shellScript = "set -e\n\nWITH_ENVIRONMENT=\"$REACT_NATIVE_PATH/scripts/xcode/with-environment.sh\"\nREACT_NATIVE_XCODE=\"$REACT_NATIVE_PATH/scripts/react-native-xcode.sh\"\n\n/bin/sh -c \"$WITH_ENVIRONMENT $REACT_NATIVE_XCODE\"\n";
		};
		00EEFC60759A1932668264C0 /* [CP] Embed Pods Frameworks */ = {
			isa = PBXShellScriptBuildPhase;
			buildActionMask = 2147483647;
			files = (
			);
			inputFileListPaths = (
				"${PODS_ROOT}/Target Support Files/Pods-fuel_consumption/Pods-fuel_consumption-frameworks-${CONFIGURATION}-input-files.xcfilelist",
			);
			name = "[CP] Embed Pods Frameworks";
			outputFileListPaths = (
				"${PODS_ROOT}/Target Support Files/Pods-fuel_consumption/Pods-fuel_consumption-frameworks-${CONFIGURATION}-output-files.xcfilelist",
			);
			runOnlyForDeploymentPostprocessing = 0;
			shellPath = /bin/sh;
			shellScript = "\"${PODS_ROOT}/Target Support Files/Pods-fuel_consumption/Pods-fuel_consumption-frameworks.sh\"\n";
			showEnvVarsInLog = 0;
		};
		A55EABD7B0C7F3A422A6CC61 /* [CP] Check Pods Manifest.lock */ = {
			isa = PBXShellScriptBuildPhase;
			buildActionMask = 2147483647;
			files = (
			);
			inputFileListPaths = (
			);
			inputPaths = (
				"${PODS_PODFILE_DIR_PATH}/Podfile.lock",
				"${PODS_ROOT}/Manifest.lock",
			);
			name = "[CP] Check Pods Manifest.lock";
			outputFileListPaths = (
			);
			outputPaths = (
				"$(DERIVED_FILE_DIR)/Pods-fuel_consumption-fuel_consumptionTests-checkManifestLockResult.txt",
			);
			runOnlyForDeploymentPostprocessing = 0;
			shellPath = /bin/sh;
			shellScript = "diff \"${PODS_PODFILE_DIR_PATH}/Podfile.lock\" \"${PODS_ROOT}/Manifest.lock\" > /dev/null\nif [ $? != 0 ] ; then\n    # print error to STDERR\n    echo \"error: The sandbox is not in sync with the Podfile.lock. Run 'pod install' or update your CocoaPods installation.\" >&2\n    exit 1\nfi\n# This output is used by Xcode 'outputs' to avoid re-running this script phase.\necho \"SUCCESS\" > \"${SCRIPT_OUTPUT_FILE_0}\"\n";
			showEnvVarsInLog = 0;
		};
		C38B50BA6285516D6DCD4F65 /* [CP] Check Pods Manifest.lock */ = {
			isa = PBXShellScriptBuildPhase;
			buildActionMask = 2147483647;
			files = (
			);
			inputFileListPaths = (
			);
			inputPaths = (
				"${PODS_PODFILE_DIR_PATH}/Podfile.lock",
				"${PODS_ROOT}/Manifest.lock",
			);
			name = "[CP] Check Pods Manifest.lock";
			outputFileListPaths = (
			);
			outputPaths = (
				"$(DERIVED_FILE_DIR)/Pods-fuel_consumption-checkManifestLockResult.txt",
			);
			runOnlyForDeploymentPostprocessing = 0;
			shellPath = /bin/sh;
			shellScript = "diff \"${PODS_PODFILE_DIR_PATH}/Podfile.lock\" \"${PODS_ROOT}/Manifest.lock\" > /dev/null\nif [ $? != 0 ] ; then\n    # print error to STDERR\n    echo \"error: The sandbox is not in sync with the Podfile.lock. Run 'pod install' or update your CocoaPods installation.\" >&2\n    exit 1\nfi\n# This output is used by Xcode 'outputs' to avoid re-running this script phase.\necho \"SUCCESS\" > \"${SCRIPT_OUTPUT_FILE_0}\"\n";
			showEnvVarsInLog = 0;
		};
		C59DA0FBD6956966B86A3779 /* [CP] Embed Pods Frameworks */ = {
			isa = PBXShellScriptBuildPhase;
			buildActionMask = 2147483647;
			files = (
			);
			inputFileListPaths = (
				"${PODS_ROOT}/Target Support Files/Pods-fuel_consumption-fuel_consumptionTests/Pods-fuel_consumption-fuel_consumptionTests-frameworks-${CONFIGURATION}-input-files.xcfilelist",
			);
			name = "[CP] Embed Pods Frameworks";
			outputFileListPaths = (
				"${PODS_ROOT}/Target Support Files/Pods-fuel_consumption-fuel_consumptionTests/Pods-fuel_consumption-fuel_consumptionTests-frameworks-${CONFIGURATION}-output-files.xcfilelist",
			);
			runOnlyForDeploymentPostprocessing = 0;
			shellPath = /bin/sh;
			shellScript = "\"${PODS_ROOT}/Target Support Files/Pods-fuel_consumption-fuel_consumptionTests/Pods-fuel_consumption-fuel_consumptionTests-frameworks.sh\"\n";
			showEnvVarsInLog = 0;
		};
		E235C05ADACE081382539298 /* [CP] Copy Pods Resources */ = {
			isa = PBXShellScriptBuildPhase;
			buildActionMask = 2147483647;
			files = (
			);
			inputFileListPaths = (
				"${PODS_ROOT}/Target Support Files/Pods-fuel_consumption/Pods-fuel_consumption-resources-${CONFIGURATION}-input-files.xcfilelist",
			);
			name = "[CP] Copy Pods Resources";
			outputFileListPaths = (
				"${PODS_ROOT}/Target Support Files/Pods-fuel_consumption/Pods-fuel_consumption-resources-${CONFIGURATION}-output-files.xcfilelist",
			);
			runOnlyForDeploymentPostprocessing = 0;
			shellPath = /bin/sh;
			shellScript = "\"${PODS_ROOT}/Target Support Files/Pods-fuel_consumption/Pods-fuel_consumption-resources.sh\"\n";
			showEnvVarsInLog = 0;
		};
		F6A41C54EA430FDDC6A6ED99 /* [CP] Copy Pods Resources */ = {
			isa = PBXShellScriptBuildPhase;
			buildActionMask = 2147483647;
			files = (
			);
			inputFileListPaths = (
				"${PODS_ROOT}/Target Support Files/Pods-fuel_consumption-fuel_consumptionTests/Pods-fuel_consumption-fuel_consumptionTests-resources-${CONFIGURATION}-input-files.xcfilelist",
			);
			name = "[CP] Copy Pods Resources";
			outputFileListPaths = (
				"${PODS_ROOT}/Target Support Files/Pods-fuel_consumption-fuel_consumptionTests/Pods-fuel_consumption-fuel_consumptionTests-resources-${CONFIGURATION}-output-files.xcfilelist",
			);
			runOnlyForDeploymentPostprocessing = 0;
			shellPath = /bin/sh;
			shellScript = "\"${PODS_ROOT}/Target Support Files/Pods-fuel_consumption-fuel_consumptionTests/Pods-fuel_consumption-fuel_consumptionTests-resources.sh\"\n";
			showEnvVarsInLog = 0;
		};
/* End PBXShellScriptBuildPhase section */

/* Begin PBXSourcesBuildPhase section */
		00E356EA1AD99517003FC87E /* Sources */ = {
			isa = PBXSourcesBuildPhase;
			buildActionMask = 2147483647;
			files = (
				00E356F31AD99517003FC87E /* fuel_consumptionTests.m in Sources */,
			);
			runOnlyForDeploymentPostprocessing = 0;
		};
		13B07F871A680F5B00A75B9A /* Sources */ = {
			isa = PBXSourcesBuildPhase;
			buildActionMask = 2147483647;
			files = (
				13B07FBC1A68108700A75B9A /* AppDelegate.mm in Sources */,
				13B07FC11A68108700A75B9A /* main.m in Sources */,
			);
			runOnlyForDeploymentPostprocessing = 0;
		};
/* End PBXSourcesBuildPhase section */

/* Begin PBXTargetDependency section */
		00E356F51AD99517003FC87E /* PBXTargetDependency */ = {
			isa = PBXTargetDependency;
			target = 13B07F861A680F5B00A75B9A /* fuel_consumption */;
			targetProxy = 00E356F41AD99517003FC87E /* PBXContainerItemProxy */;
		};
/* End PBXTargetDependency section */

/* Begin XCBuildConfiguration section */
		00E356F61AD99517003FC87E /* Debug */ = {
			isa = XCBuildConfiguration;
			baseConfigurationReference = 5B7EB9410499542E8C5724F5 /* Pods-fuel_consumption-fuel_consumptionTests.debug.xcconfig */;
			buildSettings = {
				BUNDLE_LOADER = "$(TEST_HOST)";
				GCC_PREPROCESSOR_DEFINITIONS = (
					"DEBUG=1",
					"$(inherited)",
				);
				INFOPLIST_FILE = fuel_consumptionTests/Info.plist;
				IPHONEOS_DEPLOYMENT_TARGET = 13.4;
				LD_RUNPATH_SEARCH_PATHS = (
					"$(inherited)",
					"@executable_path/Frameworks",
					"@loader_path/Frameworks",
				);
				OTHER_LDFLAGS = (
					"-ObjC",
					"-lc++",
					"$(inherited)",
				);
				PRODUCT_BUNDLE_IDENTIFIER = "org.reactjs.native.example.$(PRODUCT_NAME:rfc1034identifier)";
				PRODUCT_NAME = "$(TARGET_NAME)";
				TEST_HOST = "$(BUILT_PRODUCTS_DIR)/fuel_consumption.app/fuel_consumption";
			};
			name = Debug;
		};
		00E356F71AD99517003FC87E /* Release */ = {
			isa = XCBuildConfiguration;
			baseConfigurationReference = 89C6BE57DB24E9ADA2F236DE /* Pods-fuel_consumption-fuel_consumptionTests.release.xcconfig */;
			buildSettings = {
				BUNDLE_LOADER = "$(TEST_HOST)";
				COPY_PHASE_STRIP = NO;
				INFOPLIST_FILE = fuel_consumptionTests/Info.plist;
				IPHONEOS_DEPLOYMENT_TARGET = 13.4;
				LD_RUNPATH_SEARCH_PATHS = (
					"$(inherited)",
					"@executable_path/Frameworks",
					"@loader_path/Frameworks",
				);
				OTHER_LDFLAGS = (
					"-ObjC",
					"-lc++",
					"$(inherited)",
				);
				PRODUCT_BUNDLE_IDENTIFIER = "org.reactjs.native.example.$(PRODUCT_NAME:rfc1034identifier)";
				PRODUCT_NAME = "$(TARGET_NAME)";
				TEST_HOST = "$(BUILT_PRODUCTS_DIR)/fuel_consumption.app/fuel_consumption";
			};
			name = Release;
		};
		13B07F941A680F5B00A75B9A /* Debug */ = {
			isa = XCBuildConfiguration;
			baseConfigurationReference = 3B4392A12AC88292D35C810B /* Pods-fuel_consumption.debug.xcconfig */;
			buildSettings = {
				ASSETCATALOG_COMPILER_APPICON_NAME = AppIcon;
				CLANG_ENABLE_MODULES = YES;
				CURRENT_PROJECT_VERSION = 1;
				ENABLE_BITCODE = NO;
				INFOPLIST_FILE = fuel_consumption/Info.plist;
				LD_RUNPATH_SEARCH_PATHS = (
					"$(inherited)",
					"@executable_path/Frameworks",
				);
				MARKETING_VERSION = 1.0;
				OTHER_LDFLAGS = (
					"$(inherited)",
					"-ObjC",
					"-lc++",
				);
				PRODUCT_BUNDLE_IDENTIFIER = "org.reactjs.native.example.$(PRODUCT_NAME:rfc1034identifier)";
				PRODUCT_NAME = fuel_consumption;
				SWIFT_OPTIMIZATION_LEVEL = "-Onone";
				SWIFT_VERSION = 5.0;
				VERSIONING_SYSTEM = "apple-generic";
			};
			name = Debug;
		};
		13B07F951A680F5B00A75B9A /* Release */ = {
			isa = XCBuildConfiguration;
			baseConfigurationReference = 5709B34CF0A7D63546082F79 /* Pods-fuel_consumption.release.xcconfig */;
			buildSettings = {
				ASSETCATALOG_COMPILER_APPICON_NAME = AppIcon;
				CLANG_ENABLE_MODULES = YES;
				CURRENT_PROJECT_VERSION = 1;
				INFOPLIST_FILE = fuel_consumption/Info.plist;
				LD_RUNPATH_SEARCH_PATHS = (
					"$(inherited)",
					"@executable_path/Frameworks",
				);
				MARKETING_VERSION = 1.0;
				OTHER_LDFLAGS = (
					"$(inherited)",
					"-ObjC",
					"-lc++",
				);
				PRODUCT_BUNDLE_IDENTIFIER = "org.reactjs.native.example.$(PRODUCT_NAME:rfc1034identifier)";
				PRODUCT_NAME = fuel_consumption;
				SWIFT_VERSION = 5.0;
				VERSIONING_SYSTEM = "apple-generic";
			};
			name = Release;
		};
		83CBBA201A601CBA00E9B192 /* Debug */ = {
			isa = XCBuildConfiguration;
			buildSettings = {
				ALWAYS_SEARCH_USER_PATHS = NO;
				CLANG_ANALYZER_LOCALIZABILITY_NONLOCALIZED = YES;
				CLANG_CXX_LANGUAGE_STANDARD = "c++20";
				CLANG_CXX_LIBRARY = "libc++";
				CLANG_ENABLE_MODULES = YES;
				CLANG_ENABLE_OBJC_ARC = YES;
				CLANG_WARN_BLOCK_CAPTURE_AUTORELEASING = YES;
				CLANG_WARN_BOOL_CONVERSION = YES;
				CLANG_WARN_COMMA = YES;
				CLANG_WARN_CONSTANT_CONVERSION = YES;
				CLANG_WARN_DEPRECATED_OBJC_IMPLEMENTATIONS = YES;
				CLANG_WARN_DIRECT_OBJC_ISA_USAGE = YES_ERROR;
				CLANG_WARN_EMPTY_BODY = YES;
				CLANG_WARN_ENUM_CONVERSION = YES;
				CLANG_WARN_INFINITE_RECURSION = YES;
				CLANG_WARN_INT_CONVERSION = YES;
				CLANG_WARN_NON_LITERAL_NULL_CONVERSION = YES;
				CLANG_WARN_OBJC_IMPLICIT_RETAIN_SELF = YES;
				CLANG_WARN_OBJC_LITERAL_CONVERSION = YES;
				CLANG_WARN_OBJC_ROOT_CLASS = YES_ERROR;
				CLANG_WARN_QUOTED_INCLUDE_IN_FRAMEWORK_HEADER = YES;
				CLANG_WARN_RANGE_LOOP_ANALYSIS = YES;
				CLANG_WARN_STRICT_PROTOTYPES = YES;
				CLANG_WARN_SUSPICIOUS_MOVE = YES;
				CLANG_WARN_UNREACHABLE_CODE = YES;
				CLANG_WARN__DUPLICATE_METHOD_MATCH = YES;
				"CODE_SIGN_IDENTITY[sdk=iphoneos*]" = "iPhone Developer";
				COPY_PHASE_STRIP = NO;
				ENABLE_STRICT_OBJC_MSGSEND = YES;
				ENABLE_TESTABILITY = YES;
				"EXCLUDED_ARCHS[sdk=iphonesimulator*]" = "";
				GCC_C_LANGUAGE_STANDARD = gnu99;
				GCC_DYNAMIC_NO_PIC = NO;
				GCC_NO_COMMON_BLOCKS = YES;
				GCC_OPTIMIZATION_LEVEL = 0;
				GCC_PREPROCESSOR_DEFINITIONS = (
					"DEBUG=1",
					"$(inherited)",
				);
				GCC_SYMBOLS_PRIVATE_EXTERN = NO;
				GCC_WARN_64_TO_32_BIT_CONVERSION = YES;
				GCC_WARN_ABOUT_RETURN_TYPE = YES_ERROR;
				GCC_WARN_UNDECLARED_SELECTOR = YES;
				GCC_WARN_UNINITIALIZED_AUTOS = YES_AGGRESSIVE;
				GCC_WARN_UNUSED_FUNCTION = YES;
				GCC_WARN_UNUSED_VARIABLE = YES;
				IPHONEOS_DEPLOYMENT_TARGET = 13.4;
				LD_RUNPATH_SEARCH_PATHS = (
					/usr/lib/swift,
					"$(inherited)",
				);
				LIBRARY_SEARCH_PATHS = (
					"\"$(SDKROOT)/usr/lib/swift\"",
					"\"$(TOOLCHAIN_DIR)/usr/lib/swift/$(PLATFORM_NAME)\"",
					"\"$(inherited)\"",
				);
				MTL_ENABLE_DEBUG_INFO = YES;
				ONLY_ACTIVE_ARCH = YES;
				OTHER_CPLUSPLUSFLAGS = (
					"$(OTHER_CFLAGS)",
					"-DFOLLY_NO_CONFIG",
					"-DFOLLY_MOBILE=1",
					"-DFOLLY_USE_LIBCPP=1",
					"-DFOLLY_CFG_NO_COROUTINES=1",
					"-DFOLLY_HAVE_CLOCK_GETTIME=1",
				);
				SDKROOT = iphoneos;
			};
			name = Debug;
		};
		83CBBA211A601CBA00E9B192 /* Release */ = {
			isa = XCBuildConfiguration;
			buildSettings = {
				ALWAYS_SEARCH_USER_PATHS = NO;
				CLANG_ANALYZER_LOCALIZABILITY_NONLOCALIZED = YES;
				CLANG_CXX_LANGUAGE_STANDARD = "c++20";
				CLANG_CXX_LIBRARY = "libc++";
				CLANG_ENABLE_MODULES = YES;
				CLANG_ENABLE_OBJC_ARC = YES;
				CLANG_WARN_BLOCK_CAPTURE_AUTORELEASING = YES;
				CLANG_WARN_BOOL_CONVERSION = YES;
				CLANG_WARN_COMMA = YES;
				CLANG_WARN_CONSTANT_CONVERSION = YES;
				CLANG_WARN_DEPRECATED_OBJC_IMPLEMENTATIONS = YES;
				CLANG_WARN_DIRECT_OBJC_ISA_USAGE = YES_ERROR;
				CLANG_WARN_EMPTY_BODY = YES;
				CLANG_WARN_ENUM_CONVERSION = YES;
				CLANG_WARN_INFINITE_RECURSION = YES;
				CLANG_WARN_INT_CONVERSION = YES;
				CLANG_WARN_NON_LITERAL_NULL_CONVERSION = YES;
				CLANG_WARN_OBJC_IMPLICIT_RETAIN_SELF = YES;
				CLANG_WARN_OBJC_LITERAL_CONVERSION = YES;
				CLANG_WARN_OBJC_ROOT_CLASS = YES_ERROR;
				CLANG_WARN_QUOTED_INCLUDE_IN_FRAMEWORK_HEADER = YES;
				CLANG_WARN_RANGE_LOOP_ANALYSIS = YES;
				CLANG_WARN_STRICT_PROTOTYPES = YES;
				CLANG_WARN_SUSPICIOUS_MOVE = YES;
				CLANG_WARN_UNREACHABLE_CODE = YES;
				CLANG_WARN__DUPLICATE_METHOD_MATCH = YES;
				"CODE_SIGN_IDENTITY[sdk=iphoneos*]" = "iPhone Developer";
				COPY_PHASE_STRIP = YES;
				ENABLE_NS_ASSERTIONS = NO;
				ENABLE_STRICT_OBJC_MSGSEND = YES;
				"EXCLUDED_ARCHS[sdk=iphonesimulator*]" = "";
				GCC_C_LANGUAGE_STANDARD = gnu99;
				GCC_NO_COMMON_BLOCKS = YES;
				GCC_WARN_64_TO_32_BIT_CONVERSION = YES;
				GCC_WARN_ABOUT_RETURN_TYPE = YES_ERROR;
				GCC_WARN_UNDECLARED_SELECTOR = YES;
				GCC_WARN_UNINITIALIZED_AUTOS = YES_AGGRESSIVE;
				GCC_WARN_UNUSED_FUNCTION = YES;
				GCC_WARN_UNUSED_VARIABLE = YES;
				IPHONEOS_DEPLOYMENT_TARGET = 13.4;
				LD_RUNPATH_SEARCH_PATHS = (
					/usr/lib/swift,
					"$(inherited)",
				);
				LIBRARY_SEARCH_PATHS = (
					"\"$(SDKROOT)/usr/lib/swift\"",
					"\"$(TOOLCHAIN_DIR)/usr/lib/swift/$(PLATFORM_NAME)\"",
					"\"$(inherited)\"",
				);
				MTL_ENABLE_DEBUG_INFO = NO;
				OTHER_CPLUSPLUSFLAGS = (
					"$(OTHER_CFLAGS)",
					"-DFOLLY_NO_CONFIG",
					"-DFOLLY_MOBILE=1",
					"-DFOLLY_USE_LIBCPP=1",
					"-DFOLLY_CFG_NO_COROUTINES=1",
					"-DFOLLY_HAVE_CLOCK_GETTIME=1",
				);
				SDKROOT = iphoneos;
				VALIDATE_PRODUCT = YES;
			};
			name = Release;
		};
/* End XCBuildConfiguration section */

/* Begin XCConfigurationList section */
		00E357021AD99517003FC87E /* Build configuration list for PBXNativeTarget "fuel_consumptionTests" */ = {
			isa = XCConfigurationList;
			buildConfigurations = (
				00E356F61AD99517003FC87E /* Debug */,
				00E356F71AD99517003FC87E /* Release */,
			);
			defaultConfigurationIsVisible = 0;
			defaultConfigurationName = Release;
		};
		13B07F931A680F5B00A75B9A /* Build configuration list for PBXNativeTarget "fuel_consumption" */ = {
			isa = XCConfigurationList;
			buildConfigurations = (
				13B07F941A680F5B00A75B9A /* Debug */,
				13B07F951A680F5B00A75B9A /* Release */,
			);
			defaultConfigurationIsVisible = 0;
			defaultConfigurationName = Release;
		};
		83CBB9FA1A601CBA00E9B192 /* Build configuration list for PBXProject "fuel_consumption" */ = {
			isa = XCConfigurationList;
			buildConfigurations = (
				83CBBA201A601CBA00E9B192 /* Debug */,
				83CBBA211A601CBA00E9B192 /* Release */,
			);
			defaultConfigurationIsVisible = 0;
			defaultConfigurationName = Release;
		};
/* End XCConfigurationList section */
	};
	rootObject = 83CBB9F71A601CBA00E9B192 /* Project object */;
}
